
Microsoft Visual Studio Solution File, Format Version 12.00
# Visual Studio 15
VisualStudioVersion = 15.0.27428.2037
MinimumVisualStudioVersion = 10.0.40219.1
Project("{FAE04EC0-301F-11D3-BF4B-00C04F79EFBC}") = "APIMVCTask", "APIMVCTask\APIMVCTask.csproj", "{718AF895-317A-45B6-9A86-47FC8FCA45F0}"
EndProject
Global
	GlobalSection(SolutionConfigurationPlatforms) = preSolution
		Debug|Any CPU = Debug|Any CPU
		Release|Any CPU = Release|Any CPU
	EndGlobalSection
	GlobalSection(ProjectConfigurationPlatforms) = postSolution
		{718AF895-317A-45B6-9A86-47FC8FCA45F0}.Debug|Any CPU.ActiveCfg = Debug|Any CPU
		{718AF895-317A-45B6-9A86-47FC8FCA45F0}.Debug|Any CPU.Build.0 = Debug|Any CPU
		{718AF895-317A-45B6-9A86-47FC8FCA45F0}.Release|Any CPU.ActiveCfg = Release|Any CPU
		{718AF895-317A-45B6-9A86-47FC8FCA45F0}.Release|Any CPU.Build.0 = Release|Any CPU
	EndGlobalSection
	GlobalSection(SolutionProperties) = preSolution
		HideSolutionNode = FALSE
	EndGlobalSection
	GlobalSection(ExtensibilityGlobals) = postSolution
		SolutionGuid = {9F97ADF3-8E26-4ED8-8981-AAFFA8943597}
	EndGlobalSection
EndGlobal
